
Microsoft Visual Studio Solution File, Format Version 12.00
# Visual Studio Version 17
VisualStudioVersion = 17.13.35828.75
MinimumVisualStudioVersion = 10.0.40219.1
Project("{FAE04EC0-301F-11D3-BF4B-00C04F79EFBC}") = "TopLevelFunctions", "TopLevelFunctions\TopLevelFunctions.csproj", "{081CAF7D-C2A9-4CA1-8E4C-4B58C6D61E8E}"
EndProject
Project("{FAE04EC0-301F-11D3-BF4B-00C04F79EFBC}") = "MonitoringLib", "MonitoringLib\MonitoringLib.csproj", "{F813AFB4-B728-4BFA-8407-2CE9B91993D9}"
EndProject
Project("{FAE04EC0-301F-11D3-BF4B-00C04F79EFBC}") = "MonitoringApp", "MonitoringApp\MonitoringApp.csproj", "{7D1BBDAB-9C8F-4A73-9E1B-ECF0E780392F}"
EndProject
Project("{FAE04EC0-301F-11D3-BF4B-00C04F79EFBC}") = "Benchmarking", "Benchmarking\Benchmarking.csproj", "{3B4F6838-147C-4E48-905B-6B151EE5A9F3}"
EndProject
Project("{FAE04EC0-301F-11D3-BF4B-00C04F79EFBC}") = "CodeAnalyzing", "CodeAnalyzing\CodeAnalyzing.csproj", "{A4B7732B-786C-49C2-A59C-F05374B2862F}"
EndProject
Project("{FAE04EC0-301F-11D3-BF4B-00C04F79EFBC}") = "WorkingWithReflection", "WorkingWithReflection\WorkingWithReflection.csproj", "{DB8CF826-9BC4-46A6-92D4-0C9C9EF5E148}"
EndProject
Global
	GlobalSection(SolutionConfigurationPlatforms) = preSolution
		Debug|Any CPU = Debug|Any CPU
		Release|Any CPU = Release|Any CPU
	EndGlobalSection
	GlobalSection(ProjectConfigurationPlatforms) = postSolution
		{081CAF7D-C2A9-4CA1-8E4C-4B58C6D61E8E}.Debug|Any CPU.ActiveCfg = Debug|Any CPU
		{081CAF7D-C2A9-4CA1-8E4C-4B58C6D61E8E}.Debug|Any CPU.Build.0 = Debug|Any CPU
		{081CAF7D-C2A9-4CA1-8E4C-4B58C6D61E8E}.Release|Any CPU.ActiveCfg = Release|Any CPU
		{081CAF7D-C2A9-4CA1-8E4C-4B58C6D61E8E}.Release|Any CPU.Build.0 = Release|Any CPU
		{F813AFB4-B728-4BFA-8407-2CE9B91993D9}.Debug|Any CPU.ActiveCfg = Debug|Any CPU
		{F813AFB4-B728-4BFA-8407-2CE9B91993D9}.Debug|Any CPU.Build.0 = Debug|Any CPU
		{F813AFB4-B728-4BFA-8407-2CE9B91993D9}.Release|Any CPU.ActiveCfg = Release|Any CPU
		{F813AFB4-B728-4BFA-8407-2CE9B91993D9}.Release|Any CPU.Build.0 = Release|Any CPU
		{7D1BBDAB-9C8F-4A73-9E1B-ECF0E780392F}.Debug|Any CPU.ActiveCfg = Debug|Any CPU
		{7D1BBDAB-9C8F-4A73-9E1B-ECF0E780392F}.Debug|Any CPU.Build.0 = Debug|Any CPU
		{7D1BBDAB-9C8F-4A73-9E1B-ECF0E780392F}.Release|Any CPU.ActiveCfg = Release|Any CPU
		{7D1BBDAB-9C8F-4A73-9E1B-ECF0E780392F}.Release|Any CPU.Build.0 = Release|Any CPU
		{3B4F6838-147C-4E48-905B-6B151EE5A9F3}.Debug|Any CPU.ActiveCfg = Debug|Any CPU
		{3B4F6838-147C-4E48-905B-6B151EE5A9F3}.Debug|Any CPU.Build.0 = Debug|Any CPU
		{3B4F6838-147C-4E48-905B-6B151EE5A9F3}.Release|Any CPU.ActiveCfg = Release|Any CPU
		{3B4F6838-147C-4E48-905B-6B151EE5A9F3}.Release|Any CPU.Build.0 = Release|Any CPU
		{A4B7732B-786C-49C2-A59C-F05374B2862F}.Debug|Any CPU.ActiveCfg = Debug|Any CPU
		{A4B7732B-786C-49C2-A59C-F05374B2862F}.Debug|Any CPU.Build.0 = Debug|Any CPU
		{A4B7732B-786C-49C2-A59C-F05374B2862F}.Release|Any CPU.ActiveCfg = Release|Any CPU
		{A4B7732B-786C-49C2-A59C-F05374B2862F}.Release|Any CPU.Build.0 = Release|Any CPU
		{DB8CF826-9BC4-46A6-92D4-0C9C9EF5E148}.Debug|Any CPU.ActiveCfg = Debug|Any CPU
		{DB8CF826-9BC4-46A6-92D4-0C9C9EF5E148}.Debug|Any CPU.Build.0 = Debug|Any CPU
		{DB8CF826-9BC4-46A6-92D4-0C9C9EF5E148}.Release|Any CPU.ActiveCfg = Release|Any CPU
		{DB8CF826-9BC4-46A6-92D4-0C9C9EF5E148}.Release|Any CPU.Build.0 = Release|Any CPU
	EndGlobalSection
	GlobalSection(SolutionProperties) = preSolution
		HideSolutionNode = FALSE
	EndGlobalSection
	GlobalSection(ExtensibilityGlobals) = postSolution
		SolutionGuid = {64B0CF86-10CB-40B9-B126-DACD9094A905}
	EndGlobalSection
EndGlobal
