
Microsoft Visual Studio Solution File, Format Version 12.00
# Visual Studio Version 17
VisualStudioVersion = 17.14.36408.4
MinimumVisualStudioVersion = 10.0.40219.1
Project("{FAE04EC0-301F-11D3-BF4B-00C04F79EFBC}") = "WorkingWithTasks", "WorkingWithTasks\WorkingWithTasks.csproj", "{E2D59318-61B3-45A8-A5E7-BCBA7ABBD0C3}"
EndProject
Project("{FAE04EC0-301F-11D3-BF4B-00C04F79EFBC}") = "SynchronizingResourceAccess", "SynchronizingResourceAccess\SynchronizingResourceAccess.csproj", "{C20FB526-7805-4613-9F73-F099B714F4F9}"
EndProject
Project("{FAE04EC0-301F-11D3-BF4B-00C04F79EFBC}") = "AsyncConsole", "AsyncConsole\AsyncConsole.csproj", "{5DD514AF-17D6-4982-BCE7-7A57CC488CA9}"
EndProject
Project("{FAE04EC0-301F-11D3-BF4B-00C04F79EFBC}") = "IssuePRreport", "generate-consume-asynchronous-streams\start\IssuePRreport.csproj", "{9D7B5B95-97CC-D5EC-4E7B-D1EC47E5E270}"
EndProject
Project("{FAE04EC0-301F-11D3-BF4B-00C04F79EFBC}") = "AsyncEnumerable", "AsyncEnumerable\AsyncEnumerable.csproj", "{01E48FEC-1419-4AAF-8E8D-10B961D1A520}"
EndProject
Global
	GlobalSection(SolutionConfigurationPlatforms) = preSolution
		Debug|Any CPU = Debug|Any CPU
		Release|Any CPU = Release|Any CPU
	EndGlobalSection
	GlobalSection(ProjectConfigurationPlatforms) = postSolution
		{E2D59318-61B3-45A8-A5E7-BCBA7ABBD0C3}.Debug|Any CPU.ActiveCfg = Debug|Any CPU
		{E2D59318-61B3-45A8-A5E7-BCBA7ABBD0C3}.Debug|Any CPU.Build.0 = Debug|Any CPU
		{E2D59318-61B3-45A8-A5E7-BCBA7ABBD0C3}.Release|Any CPU.ActiveCfg = Release|Any CPU
		{E2D59318-61B3-45A8-A5E7-BCBA7ABBD0C3}.Release|Any CPU.Build.0 = Release|Any CPU
		{C20FB526-7805-4613-9F73-F099B714F4F9}.Debug|Any CPU.ActiveCfg = Debug|Any CPU
		{C20FB526-7805-4613-9F73-F099B714F4F9}.Debug|Any CPU.Build.0 = Debug|Any CPU
		{C20FB526-7805-4613-9F73-F099B714F4F9}.Release|Any CPU.ActiveCfg = Release|Any CPU
		{C20FB526-7805-4613-9F73-F099B714F4F9}.Release|Any CPU.Build.0 = Release|Any CPU
		{5DD514AF-17D6-4982-BCE7-7A57CC488CA9}.Debug|Any CPU.ActiveCfg = Debug|Any CPU
		{5DD514AF-17D6-4982-BCE7-7A57CC488CA9}.Debug|Any CPU.Build.0 = Debug|Any CPU
		{5DD514AF-17D6-4982-BCE7-7A57CC488CA9}.Release|Any CPU.ActiveCfg = Release|Any CPU
		{5DD514AF-17D6-4982-BCE7-7A57CC488CA9}.Release|Any CPU.Build.0 = Release|Any CPU
		{9D7B5B95-97CC-D5EC-4E7B-D1EC47E5E270}.Debug|Any CPU.ActiveCfg = Debug|Any CPU
		{9D7B5B95-97CC-D5EC-4E7B-D1EC47E5E270}.Debug|Any CPU.Build.0 = Debug|Any CPU
		{9D7B5B95-97CC-D5EC-4E7B-D1EC47E5E270}.Release|Any CPU.ActiveCfg = Release|Any CPU
		{9D7B5B95-97CC-D5EC-4E7B-D1EC47E5E270}.Release|Any CPU.Build.0 = Release|Any CPU
		{01E48FEC-1419-4AAF-8E8D-10B961D1A520}.Debug|Any CPU.ActiveCfg = Debug|Any CPU
		{01E48FEC-1419-4AAF-8E8D-10B961D1A520}.Debug|Any CPU.Build.0 = Debug|Any CPU
		{01E48FEC-1419-4AAF-8E8D-10B961D1A520}.Release|Any CPU.ActiveCfg = Release|Any CPU
		{01E48FEC-1419-4AAF-8E8D-10B961D1A520}.Release|Any CPU.Build.0 = Release|Any CPU
	EndGlobalSection
	GlobalSection(SolutionProperties) = preSolution
		HideSolutionNode = FALSE
	EndGlobalSection
	GlobalSection(ExtensibilityGlobals) = postSolution
		SolutionGuid = {EF708626-8E7E-4A86-8A34-610499317172}
	EndGlobalSection
EndGlobal
